
Microsoft Visual Studio Solution File, Format Version 12.00
# Visual Studio Version 17
VisualStudioVersion = 17.0.31903.59
MinimumVisualStudioVersion = 10.0.40219.1
Project("{FAE04EC0-301F-11D3-BF4B-00C04F79EFBC}") = "Day25", "Day25\Day25.csproj", "{738C094A-73A0-4A8C-963B-57F1DE5D5667}"
EndProject
Project("{FAE04EC0-301F-11D3-BF4B-00C04F79EFBC}") = "Day1", "Day1\Day1.csproj", "{217CDA53-F1A7-41AE-9218-B056580019D5}"
EndProject
Project("{FAE04EC0-301F-11D3-BF4B-00C04F79EFBC}") = "Day2", "Day2\Day2.csproj", "{972474A2-FA6C-4729-8E5A-BE380B175FF7}"
EndProject
Project("{FAE04EC0-301F-11D3-BF4B-00C04F79EFBC}") = "Day3", "Day3\Day3.csproj", "{971C984C-85EF-458C-8713-6FCC655F17A6}"
EndProject
Project("{FAE04EC0-301F-11D3-BF4B-00C04F79EFBC}") = "Day4", "Day4\Day4.csproj", "{A5473F6C-6F9D-46D1-AFEC-D541A9105192}"
EndProject
Project("{FAE04EC0-301F-11D3-BF4B-00C04F79EFBC}") = "Day5", "Day5\Day5.csproj", "{837B39CC-3130-41EE-94DF-58333D57AF9E}"
EndProject
Project("{FAE04EC0-301F-11D3-BF4B-00C04F79EFBC}") = "Day6", "Day6\Day6.csproj", "{EA0A278A-0EA3-4FB4-9BB8-E6EBC2958796}"
EndProject
Project("{FAE04EC0-301F-11D3-BF4B-00C04F79EFBC}") = "Day7", "Day7\Day7.csproj", "{21F0AC67-B6C4-4621-81DD-550B70716598}"
EndProject
Project("{FAE04EC0-301F-11D3-BF4B-00C04F79EFBC}") = "Day8", "Day8\Day8.csproj", "{620434B3-F87B-466A-A89A-222E823E6DD7}"
EndProject
Project("{FAE04EC0-301F-11D3-BF4B-00C04F79EFBC}") = "Day9", "Day9\Day9.csproj", "{D54435EE-94F7-4FB1-B61B-F2C6166B3744}"
EndProject
Project("{FAE04EC0-301F-11D3-BF4B-00C04F79EFBC}") = "Day10", "Day10\Day10.csproj", "{5B08B4CD-05D0-41E9-9775-2A3C4269C191}"
EndProject
Project("{FAE04EC0-301F-11D3-BF4B-00C04F79EFBC}") = "Day11", "Day11\Day11.csproj", "{96994D8A-A2AB-46EE-AAAF-4C3DC4F60A5F}"
EndProject
Project("{FAE04EC0-301F-11D3-BF4B-00C04F79EFBC}") = "Day12", "Day12\Day12.csproj", "{B561F688-2AFD-457C-8F0A-FCD9548DD855}"
EndProject
Project("{FAE04EC0-301F-11D3-BF4B-00C04F79EFBC}") = "Day13", "Day13\Day13.csproj", "{2632233F-1522-4F23-8A86-7C81FBFB0764}"
EndProject
Project("{FAE04EC0-301F-11D3-BF4B-00C04F79EFBC}") = "Day14", "Day14\Day14.csproj", "{07BBDC78-4D40-4DAB-A749-23B32C9A9163}"
EndProject
Project("{FAE04EC0-301F-11D3-BF4B-00C04F79EFBC}") = "Day15", "Day15\Day15.csproj", "{E818F147-BCE4-4C77-87F7-C259EF8C794B}"
EndProject
Project("{FAE04EC0-301F-11D3-BF4B-00C04F79EFBC}") = "Day16", "Day16\Day16.csproj", "{861732C1-6B27-40B5-AED4-BF19D4B8D270}"
EndProject
Project("{FAE04EC0-301F-11D3-BF4B-00C04F79EFBC}") = "Day17", "Day17\Day17.csproj", "{483FCC0F-AE36-4BD3-9E98-F9C2A0762689}"
EndProject
Project("{FAE04EC0-301F-11D3-BF4B-00C04F79EFBC}") = "Day18", "Day18\Day18.csproj", "{EF0C53C5-30B1-44BA-96BF-1A3276EAA312}"
EndProject
Project("{FAE04EC0-301F-11D3-BF4B-00C04F79EFBC}") = "Day19", "Day19\Day19.csproj", "{89F52FAE-2F4E-4CBE-8568-93F66F76DCA0}"
EndProject
Project("{FAE04EC0-301F-11D3-BF4B-00C04F79EFBC}") = "Day20", "Day20\Day20.csproj", "{B5539668-8DA4-4FF3-B5E9-F26AF9F1276E}"
EndProject
Project("{FAE04EC0-301F-11D3-BF4B-00C04F79EFBC}") = "Day21", "Day21\Day21.csproj", "{340872A9-F6DB-4EA7-9E8A-FBD36B0415B3}"
EndProject
Project("{FAE04EC0-301F-11D3-BF4B-00C04F79EFBC}") = "Day22", "Day22\Day22.csproj", "{A77DEC6A-A9FE-4A1E-84A0-2419835A2516}"
EndProject
Project("{FAE04EC0-301F-11D3-BF4B-00C04F79EFBC}") = "Day23", "Day23\Day23.csproj", "{416EE9B5-4A2B-4293-80A2-B7EB33025970}"
EndProject
Project("{FAE04EC0-301F-11D3-BF4B-00C04F79EFBC}") = "Day24", "Day24\Day24.csproj", "{BC53E03C-ED8A-4ED9-8FFF-6189D97BD460}"
EndProject
Project("{F2A71F9B-5D33-465A-A702-920D77279786}") = "Day01F", "Day01F\Day01F.fsproj", "{D4CF391B-DBE9-4BD2-A5FE-D9986EC478A5}"
EndProject
Project("{F2A71F9B-5D33-465A-A702-920D77279786}") = "AdventUtilities", "AdventUtilities\AdventUtilities.fsproj", "{CBF20295-FF88-4E3A-9F40-49A892022D28}"
EndProject
Project("{F2A71F9B-5D33-465A-A702-920D77279786}") = "Day02F", "Day02F\Day02F.fsproj", "{6EBA8226-1A57-42E0-A1BB-5DE88C7C92A2}"
EndProject
Project("{F2A71F9B-5D33-465A-A702-920D77279786}") = "Day03F", "Day03F\Day03F.fsproj", "{4300AF44-2D24-4259-858E-00311513C68F}"
EndProject
Project("{F2A71F9B-5D33-465A-A702-920D77279786}") = "Day04F", "Day04F\Day04F.fsproj", "{54CE66BF-140F-4348-8C18-1F5929D77330}"
EndProject
Project("{F2A71F9B-5D33-465A-A702-920D77279786}") = "Day05F", "Day05F\Day05F.fsproj", "{C18FCA9C-583D-4325-80C9-E137E655C65A}"
EndProject
Project("{F2A71F9B-5D33-465A-A702-920D77279786}") = "Day06F", "Day06F\Day06F.fsproj", "{B5054402-950B-40D6-BFCD-0F4A3DD232DF}"
EndProject
Global
	GlobalSection(SolutionConfigurationPlatforms) = preSolution
		Debug|Any CPU = Debug|Any CPU
		Debug|x64 = Debug|x64
		Debug|x86 = Debug|x86
		Release|Any CPU = Release|Any CPU
		Release|x64 = Release|x64
		Release|x86 = Release|x86
	EndGlobalSection
	GlobalSection(ProjectConfigurationPlatforms) = postSolution
		{738C094A-73A0-4A8C-963B-57F1DE5D5667}.Debug|Any CPU.ActiveCfg = Debug|Any CPU
		{738C094A-73A0-4A8C-963B-57F1DE5D5667}.Debug|Any CPU.Build.0 = Debug|Any CPU
		{738C094A-73A0-4A8C-963B-57F1DE5D5667}.Debug|x64.ActiveCfg = Debug|Any CPU
		{738C094A-73A0-4A8C-963B-57F1DE5D5667}.Debug|x64.Build.0 = Debug|Any CPU
		{738C094A-73A0-4A8C-963B-57F1DE5D5667}.Debug|x86.ActiveCfg = Debug|Any CPU
		{738C094A-73A0-4A8C-963B-57F1DE5D5667}.Debug|x86.Build.0 = Debug|Any CPU
		{738C094A-73A0-4A8C-963B-57F1DE5D5667}.Release|Any CPU.ActiveCfg = Release|Any CPU
		{738C094A-73A0-4A8C-963B-57F1DE5D5667}.Release|Any CPU.Build.0 = Release|Any CPU
		{738C094A-73A0-4A8C-963B-57F1DE5D5667}.Release|x64.ActiveCfg = Release|Any CPU
		{738C094A-73A0-4A8C-963B-57F1DE5D5667}.Release|x64.Build.0 = Release|Any CPU
		{738C094A-73A0-4A8C-963B-57F1DE5D5667}.Release|x86.ActiveCfg = Release|Any CPU
		{738C094A-73A0-4A8C-963B-57F1DE5D5667}.Release|x86.Build.0 = Release|Any CPU
		{217CDA53-F1A7-41AE-9218-B056580019D5}.Debug|Any CPU.ActiveCfg = Debug|Any CPU
		{217CDA53-F1A7-41AE-9218-B056580019D5}.Debug|Any CPU.Build.0 = Debug|Any CPU
		{217CDA53-F1A7-41AE-9218-B056580019D5}.Debug|x64.ActiveCfg = Debug|Any CPU
		{217CDA53-F1A7-41AE-9218-B056580019D5}.Debug|x64.Build.0 = Debug|Any CPU
		{217CDA53-F1A7-41AE-9218-B056580019D5}.Debug|x86.ActiveCfg = Debug|Any CPU
		{217CDA53-F1A7-41AE-9218-B056580019D5}.Debug|x86.Build.0 = Debug|Any CPU
		{217CDA53-F1A7-41AE-9218-B056580019D5}.Release|Any CPU.ActiveCfg = Release|Any CPU
		{217CDA53-F1A7-41AE-9218-B056580019D5}.Release|Any CPU.Build.0 = Release|Any CPU
		{217CDA53-F1A7-41AE-9218-B056580019D5}.Release|x64.ActiveCfg = Release|Any CPU
		{217CDA53-F1A7-41AE-9218-B056580019D5}.Release|x64.Build.0 = Release|Any CPU
		{217CDA53-F1A7-41AE-9218-B056580019D5}.Release|x86.ActiveCfg = Release|Any CPU
		{217CDA53-F1A7-41AE-9218-B056580019D5}.Release|x86.Build.0 = Release|Any CPU
		{972474A2-FA6C-4729-8E5A-BE380B175FF7}.Debug|Any CPU.ActiveCfg = Debug|Any CPU
		{972474A2-FA6C-4729-8E5A-BE380B175FF7}.Debug|Any CPU.Build.0 = Debug|Any CPU
		{972474A2-FA6C-4729-8E5A-BE380B175FF7}.Debug|x64.ActiveCfg = Debug|Any CPU
		{972474A2-FA6C-4729-8E5A-BE380B175FF7}.Debug|x64.Build.0 = Debug|Any CPU
		{972474A2-FA6C-4729-8E5A-BE380B175FF7}.Debug|x86.ActiveCfg = Debug|Any CPU
		{972474A2-FA6C-4729-8E5A-BE380B175FF7}.Debug|x86.Build.0 = Debug|Any CPU
		{972474A2-FA6C-4729-8E5A-BE380B175FF7}.Release|Any CPU.ActiveCfg = Release|Any CPU
		{972474A2-FA6C-4729-8E5A-BE380B175FF7}.Release|Any CPU.Build.0 = Release|Any CPU
		{972474A2-FA6C-4729-8E5A-BE380B175FF7}.Release|x64.ActiveCfg = Release|Any CPU
		{972474A2-FA6C-4729-8E5A-BE380B175FF7}.Release|x64.Build.0 = Release|Any CPU
		{972474A2-FA6C-4729-8E5A-BE380B175FF7}.Release|x86.ActiveCfg = Release|Any CPU
		{972474A2-FA6C-4729-8E5A-BE380B175FF7}.Release|x86.Build.0 = Release|Any CPU
		{971C984C-85EF-458C-8713-6FCC655F17A6}.Debug|Any CPU.ActiveCfg = Debug|Any CPU
		{971C984C-85EF-458C-8713-6FCC655F17A6}.Debug|Any CPU.Build.0 = Debug|Any CPU
		{971C984C-85EF-458C-8713-6FCC655F17A6}.Debug|x64.ActiveCfg = Debug|Any CPU
		{971C984C-85EF-458C-8713-6FCC655F17A6}.Debug|x64.Build.0 = Debug|Any CPU
		{971C984C-85EF-458C-8713-6FCC655F17A6}.Debug|x86.ActiveCfg = Debug|Any CPU
		{971C984C-85EF-458C-8713-6FCC655F17A6}.Debug|x86.Build.0 = Debug|Any CPU
		{971C984C-85EF-458C-8713-6FCC655F17A6}.Release|Any CPU.ActiveCfg = Release|Any CPU
		{971C984C-85EF-458C-8713-6FCC655F17A6}.Release|Any CPU.Build.0 = Release|Any CPU
		{971C984C-85EF-458C-8713-6FCC655F17A6}.Release|x64.ActiveCfg = Release|Any CPU
		{971C984C-85EF-458C-8713-6FCC655F17A6}.Release|x64.Build.0 = Release|Any CPU
		{971C984C-85EF-458C-8713-6FCC655F17A6}.Release|x86.ActiveCfg = Release|Any CPU
		{971C984C-85EF-458C-8713-6FCC655F17A6}.Release|x86.Build.0 = Release|Any CPU
		{A5473F6C-6F9D-46D1-AFEC-D541A9105192}.Debug|Any CPU.ActiveCfg = Debug|Any CPU
		{A5473F6C-6F9D-46D1-AFEC-D541A9105192}.Debug|Any CPU.Build.0 = Debug|Any CPU
		{A5473F6C-6F9D-46D1-AFEC-D541A9105192}.Debug|x64.ActiveCfg = Debug|Any CPU
		{A5473F6C-6F9D-46D1-AFEC-D541A9105192}.Debug|x64.Build.0 = Debug|Any CPU
		{A5473F6C-6F9D-46D1-AFEC-D541A9105192}.Debug|x86.ActiveCfg = Debug|Any CPU
		{A5473F6C-6F9D-46D1-AFEC-D541A9105192}.Debug|x86.Build.0 = Debug|Any CPU
		{A5473F6C-6F9D-46D1-AFEC-D541A9105192}.Release|Any CPU.ActiveCfg = Release|Any CPU
		{A5473F6C-6F9D-46D1-AFEC-D541A9105192}.Release|Any CPU.Build.0 = Release|Any CPU
		{A5473F6C-6F9D-46D1-AFEC-D541A9105192}.Release|x64.ActiveCfg = Release|Any CPU
		{A5473F6C-6F9D-46D1-AFEC-D541A9105192}.Release|x64.Build.0 = Release|Any CPU
		{A5473F6C-6F9D-46D1-AFEC-D541A9105192}.Release|x86.ActiveCfg = Release|Any CPU
		{A5473F6C-6F9D-46D1-AFEC-D541A9105192}.Release|x86.Build.0 = Release|Any CPU
		{837B39CC-3130-41EE-94DF-58333D57AF9E}.Debug|Any CPU.ActiveCfg = Debug|Any CPU
		{837B39CC-3130-41EE-94DF-58333D57AF9E}.Debug|Any CPU.Build.0 = Debug|Any CPU
		{837B39CC-3130-41EE-94DF-58333D57AF9E}.Debug|x64.ActiveCfg = Debug|Any CPU
		{837B39CC-3130-41EE-94DF-58333D57AF9E}.Debug|x64.Build.0 = Debug|Any CPU
		{837B39CC-3130-41EE-94DF-58333D57AF9E}.Debug|x86.ActiveCfg = Debug|Any CPU
		{837B39CC-3130-41EE-94DF-58333D57AF9E}.Debug|x86.Build.0 = Debug|Any CPU
		{837B39CC-3130-41EE-94DF-58333D57AF9E}.Release|Any CPU.ActiveCfg = Release|Any CPU
		{837B39CC-3130-41EE-94DF-58333D57AF9E}.Release|Any CPU.Build.0 = Release|Any CPU
		{837B39CC-3130-41EE-94DF-58333D57AF9E}.Release|x64.ActiveCfg = Release|Any CPU
		{837B39CC-3130-41EE-94DF-58333D57AF9E}.Release|x64.Build.0 = Release|Any CPU
		{837B39CC-3130-41EE-94DF-58333D57AF9E}.Release|x86.ActiveCfg = Release|Any CPU
		{837B39CC-3130-41EE-94DF-58333D57AF9E}.Release|x86.Build.0 = Release|Any CPU
		{EA0A278A-0EA3-4FB4-9BB8-E6EBC2958796}.Debug|Any CPU.ActiveCfg = Debug|Any CPU
		{EA0A278A-0EA3-4FB4-9BB8-E6EBC2958796}.Debug|Any CPU.Build.0 = Debug|Any CPU
		{EA0A278A-0EA3-4FB4-9BB8-E6EBC2958796}.Debug|x64.ActiveCfg = Debug|Any CPU
		{EA0A278A-0EA3-4FB4-9BB8-E6EBC2958796}.Debug|x64.Build.0 = Debug|Any CPU
		{EA0A278A-0EA3-4FB4-9BB8-E6EBC2958796}.Debug|x86.ActiveCfg = Debug|Any CPU
		{EA0A278A-0EA3-4FB4-9BB8-E6EBC2958796}.Debug|x86.Build.0 = Debug|Any CPU
		{EA0A278A-0EA3-4FB4-9BB8-E6EBC2958796}.Release|Any CPU.ActiveCfg = Release|Any CPU
		{EA0A278A-0EA3-4FB4-9BB8-E6EBC2958796}.Release|Any CPU.Build.0 = Release|Any CPU
		{EA0A278A-0EA3-4FB4-9BB8-E6EBC2958796}.Release|x64.ActiveCfg = Release|Any CPU
		{EA0A278A-0EA3-4FB4-9BB8-E6EBC2958796}.Release|x64.Build.0 = Release|Any CPU
		{EA0A278A-0EA3-4FB4-9BB8-E6EBC2958796}.Release|x86.ActiveCfg = Release|Any CPU
		{EA0A278A-0EA3-4FB4-9BB8-E6EBC2958796}.Release|x86.Build.0 = Release|Any CPU
		{21F0AC67-B6C4-4621-81DD-550B70716598}.Debug|Any CPU.ActiveCfg = Debug|Any CPU
		{21F0AC67-B6C4-4621-81DD-550B70716598}.Debug|Any CPU.Build.0 = Debug|Any CPU
		{21F0AC67-B6C4-4621-81DD-550B70716598}.Debug|x64.ActiveCfg = Debug|Any CPU
		{21F0AC67-B6C4-4621-81DD-550B70716598}.Debug|x64.Build.0 = Debug|Any CPU
		{21F0AC67-B6C4-4621-81DD-550B70716598}.Debug|x86.ActiveCfg = Debug|Any CPU
		{21F0AC67-B6C4-4621-81DD-550B70716598}.Debug|x86.Build.0 = Debug|Any CPU
		{21F0AC67-B6C4-4621-81DD-550B70716598}.Release|Any CPU.ActiveCfg = Release|Any CPU
		{21F0AC67-B6C4-4621-81DD-550B70716598}.Release|Any CPU.Build.0 = Release|Any CPU
		{21F0AC67-B6C4-4621-81DD-550B70716598}.Release|x64.ActiveCfg = Release|Any CPU
		{21F0AC67-B6C4-4621-81DD-550B70716598}.Release|x64.Build.0 = Release|Any CPU
		{21F0AC67-B6C4-4621-81DD-550B70716598}.Release|x86.ActiveCfg = Release|Any CPU
		{21F0AC67-B6C4-4621-81DD-550B70716598}.Release|x86.Build.0 = Release|Any CPU
		{620434B3-F87B-466A-A89A-222E823E6DD7}.Debug|Any CPU.ActiveCfg = Debug|Any CPU
		{620434B3-F87B-466A-A89A-222E823E6DD7}.Debug|Any CPU.Build.0 = Debug|Any CPU
		{620434B3-F87B-466A-A89A-222E823E6DD7}.Debug|x64.ActiveCfg = Debug|Any CPU
		{620434B3-F87B-466A-A89A-222E823E6DD7}.Debug|x64.Build.0 = Debug|Any CPU
		{620434B3-F87B-466A-A89A-222E823E6DD7}.Debug|x86.ActiveCfg = Debug|Any CPU
		{620434B3-F87B-466A-A89A-222E823E6DD7}.Debug|x86.Build.0 = Debug|Any CPU
		{620434B3-F87B-466A-A89A-222E823E6DD7}.Release|Any CPU.ActiveCfg = Release|Any CPU
		{620434B3-F87B-466A-A89A-222E823E6DD7}.Release|Any CPU.Build.0 = Release|Any CPU
		{620434B3-F87B-466A-A89A-222E823E6DD7}.Release|x64.ActiveCfg = Release|Any CPU
		{620434B3-F87B-466A-A89A-222E823E6DD7}.Release|x64.Build.0 = Release|Any CPU
		{620434B3-F87B-466A-A89A-222E823E6DD7}.Release|x86.ActiveCfg = Release|Any CPU
		{620434B3-F87B-466A-A89A-222E823E6DD7}.Release|x86.Build.0 = Release|Any CPU
		{D54435EE-94F7-4FB1-B61B-F2C6166B3744}.Debug|Any CPU.ActiveCfg = Debug|Any CPU
		{D54435EE-94F7-4FB1-B61B-F2C6166B3744}.Debug|Any CPU.Build.0 = Debug|Any CPU
		{D54435EE-94F7-4FB1-B61B-F2C6166B3744}.Debug|x64.ActiveCfg = Debug|Any CPU
		{D54435EE-94F7-4FB1-B61B-F2C6166B3744}.Debug|x64.Build.0 = Debug|Any CPU
		{D54435EE-94F7-4FB1-B61B-F2C6166B3744}.Debug|x86.ActiveCfg = Debug|Any CPU
		{D54435EE-94F7-4FB1-B61B-F2C6166B3744}.Debug|x86.Build.0 = Debug|Any CPU
		{D54435EE-94F7-4FB1-B61B-F2C6166B3744}.Release|Any CPU.ActiveCfg = Release|Any CPU
		{D54435EE-94F7-4FB1-B61B-F2C6166B3744}.Release|Any CPU.Build.0 = Release|Any CPU
		{D54435EE-94F7-4FB1-B61B-F2C6166B3744}.Release|x64.ActiveCfg = Release|Any CPU
		{D54435EE-94F7-4FB1-B61B-F2C6166B3744}.Release|x64.Build.0 = Release|Any CPU
		{D54435EE-94F7-4FB1-B61B-F2C6166B3744}.Release|x86.ActiveCfg = Release|Any CPU
		{D54435EE-94F7-4FB1-B61B-F2C6166B3744}.Release|x86.Build.0 = Release|Any CPU
		{5B08B4CD-05D0-41E9-9775-2A3C4269C191}.Debug|Any CPU.ActiveCfg = Debug|Any CPU
		{5B08B4CD-05D0-41E9-9775-2A3C4269C191}.Debug|Any CPU.Build.0 = Debug|Any CPU
		{5B08B4CD-05D0-41E9-9775-2A3C4269C191}.Debug|x64.ActiveCfg = Debug|Any CPU
		{5B08B4CD-05D0-41E9-9775-2A3C4269C191}.Debug|x64.Build.0 = Debug|Any CPU
		{5B08B4CD-05D0-41E9-9775-2A3C4269C191}.Debug|x86.ActiveCfg = Debug|Any CPU
		{5B08B4CD-05D0-41E9-9775-2A3C4269C191}.Debug|x86.Build.0 = Debug|Any CPU
		{5B08B4CD-05D0-41E9-9775-2A3C4269C191}.Release|Any CPU.ActiveCfg = Release|Any CPU
		{5B08B4CD-05D0-41E9-9775-2A3C4269C191}.Release|Any CPU.Build.0 = Release|Any CPU
		{5B08B4CD-05D0-41E9-9775-2A3C4269C191}.Release|x64.ActiveCfg = Release|Any CPU
		{5B08B4CD-05D0-41E9-9775-2A3C4269C191}.Release|x64.Build.0 = Release|Any CPU
		{5B08B4CD-05D0-41E9-9775-2A3C4269C191}.Release|x86.ActiveCfg = Release|Any CPU
		{5B08B4CD-05D0-41E9-9775-2A3C4269C191}.Release|x86.Build.0 = Release|Any CPU
		{96994D8A-A2AB-46EE-AAAF-4C3DC4F60A5F}.Debug|Any CPU.ActiveCfg = Debug|Any CPU
		{96994D8A-A2AB-46EE-AAAF-4C3DC4F60A5F}.Debug|Any CPU.Build.0 = Debug|Any CPU
		{96994D8A-A2AB-46EE-AAAF-4C3DC4F60A5F}.Debug|x64.ActiveCfg = Debug|Any CPU
		{96994D8A-A2AB-46EE-AAAF-4C3DC4F60A5F}.Debug|x64.Build.0 = Debug|Any CPU
		{96994D8A-A2AB-46EE-AAAF-4C3DC4F60A5F}.Debug|x86.ActiveCfg = Debug|Any CPU
		{96994D8A-A2AB-46EE-AAAF-4C3DC4F60A5F}.Debug|x86.Build.0 = Debug|Any CPU
		{96994D8A-A2AB-46EE-AAAF-4C3DC4F60A5F}.Release|Any CPU.ActiveCfg = Release|Any CPU
		{96994D8A-A2AB-46EE-AAAF-4C3DC4F60A5F}.Release|Any CPU.Build.0 = Release|Any CPU
		{96994D8A-A2AB-46EE-AAAF-4C3DC4F60A5F}.Release|x64.ActiveCfg = Release|Any CPU
		{96994D8A-A2AB-46EE-AAAF-4C3DC4F60A5F}.Release|x64.Build.0 = Release|Any CPU
		{96994D8A-A2AB-46EE-AAAF-4C3DC4F60A5F}.Release|x86.ActiveCfg = Release|Any CPU
		{96994D8A-A2AB-46EE-AAAF-4C3DC4F60A5F}.Release|x86.Build.0 = Release|Any CPU
		{B561F688-2AFD-457C-8F0A-FCD9548DD855}.Debug|Any CPU.ActiveCfg = Debug|Any CPU
		{B561F688-2AFD-457C-8F0A-FCD9548DD855}.Debug|Any CPU.Build.0 = Debug|Any CPU
		{B561F688-2AFD-457C-8F0A-FCD9548DD855}.Debug|x64.ActiveCfg = Debug|Any CPU
		{B561F688-2AFD-457C-8F0A-FCD9548DD855}.Debug|x64.Build.0 = Debug|Any CPU
		{B561F688-2AFD-457C-8F0A-FCD9548DD855}.Debug|x86.ActiveCfg = Debug|Any CPU
		{B561F688-2AFD-457C-8F0A-FCD9548DD855}.Debug|x86.Build.0 = Debug|Any CPU
		{B561F688-2AFD-457C-8F0A-FCD9548DD855}.Release|Any CPU.ActiveCfg = Release|Any CPU
		{B561F688-2AFD-457C-8F0A-FCD9548DD855}.Release|Any CPU.Build.0 = Release|Any CPU
		{B561F688-2AFD-457C-8F0A-FCD9548DD855}.Release|x64.ActiveCfg = Release|Any CPU
		{B561F688-2AFD-457C-8F0A-FCD9548DD855}.Release|x64.Build.0 = Release|Any CPU
		{B561F688-2AFD-457C-8F0A-FCD9548DD855}.Release|x86.ActiveCfg = Release|Any CPU
		{B561F688-2AFD-457C-8F0A-FCD9548DD855}.Release|x86.Build.0 = Release|Any CPU
		{2632233F-1522-4F23-8A86-7C81FBFB0764}.Debug|Any CPU.ActiveCfg = Debug|Any CPU
		{2632233F-1522-4F23-8A86-7C81FBFB0764}.Debug|Any CPU.Build.0 = Debug|Any CPU
		{2632233F-1522-4F23-8A86-7C81FBFB0764}.Debug|x64.ActiveCfg = Debug|Any CPU
		{2632233F-1522-4F23-8A86-7C81FBFB0764}.Debug|x64.Build.0 = Debug|Any CPU
		{2632233F-1522-4F23-8A86-7C81FBFB0764}.Debug|x86.ActiveCfg = Debug|Any CPU
		{2632233F-1522-4F23-8A86-7C81FBFB0764}.Debug|x86.Build.0 = Debug|Any CPU
		{2632233F-1522-4F23-8A86-7C81FBFB0764}.Release|Any CPU.ActiveCfg = Release|Any CPU
		{2632233F-1522-4F23-8A86-7C81FBFB0764}.Release|Any CPU.Build.0 = Release|Any CPU
		{2632233F-1522-4F23-8A86-7C81FBFB0764}.Release|x64.ActiveCfg = Release|Any CPU
		{2632233F-1522-4F23-8A86-7C81FBFB0764}.Release|x64.Build.0 = Release|Any CPU
		{2632233F-1522-4F23-8A86-7C81FBFB0764}.Release|x86.ActiveCfg = Release|Any CPU
		{2632233F-1522-4F23-8A86-7C81FBFB0764}.Release|x86.Build.0 = Release|Any CPU
		{07BBDC78-4D40-4DAB-A749-23B32C9A9163}.Debug|Any CPU.ActiveCfg = Debug|Any CPU
		{07BBDC78-4D40-4DAB-A749-23B32C9A9163}.Debug|Any CPU.Build.0 = Debug|Any CPU
		{07BBDC78-4D40-4DAB-A749-23B32C9A9163}.Debug|x64.ActiveCfg = Debug|Any CPU
		{07BBDC78-4D40-4DAB-A749-23B32C9A9163}.Debug|x64.Build.0 = Debug|Any CPU
		{07BBDC78-4D40-4DAB-A749-23B32C9A9163}.Debug|x86.ActiveCfg = Debug|Any CPU
		{07BBDC78-4D40-4DAB-A749-23B32C9A9163}.Debug|x86.Build.0 = Debug|Any CPU
		{07BBDC78-4D40-4DAB-A749-23B32C9A9163}.Release|Any CPU.ActiveCfg = Release|Any CPU
		{07BBDC78-4D40-4DAB-A749-23B32C9A9163}.Release|Any CPU.Build.0 = Release|Any CPU
		{07BBDC78-4D40-4DAB-A749-23B32C9A9163}.Release|x64.ActiveCfg = Release|Any CPU
		{07BBDC78-4D40-4DAB-A749-23B32C9A9163}.Release|x64.Build.0 = Release|Any CPU
		{07BBDC78-4D40-4DAB-A749-23B32C9A9163}.Release|x86.ActiveCfg = Release|Any CPU
		{07BBDC78-4D40-4DAB-A749-23B32C9A9163}.Release|x86.Build.0 = Release|Any CPU
		{E818F147-BCE4-4C77-87F7-C259EF8C794B}.Debug|Any CPU.ActiveCfg = Debug|Any CPU
		{E818F147-BCE4-4C77-87F7-C259EF8C794B}.Debug|Any CPU.Build.0 = Debug|Any CPU
		{E818F147-BCE4-4C77-87F7-C259EF8C794B}.Debug|x64.ActiveCfg = Debug|Any CPU
		{E818F147-BCE4-4C77-87F7-C259EF8C794B}.Debug|x64.Build.0 = Debug|Any CPU
		{E818F147-BCE4-4C77-87F7-C259EF8C794B}.Debug|x86.ActiveCfg = Debug|Any CPU
		{E818F147-BCE4-4C77-87F7-C259EF8C794B}.Debug|x86.Build.0 = Debug|Any CPU
		{E818F147-BCE4-4C77-87F7-C259EF8C794B}.Release|Any CPU.ActiveCfg = Release|Any CPU
		{E818F147-BCE4-4C77-87F7-C259EF8C794B}.Release|Any CPU.Build.0 = Release|Any CPU
		{E818F147-BCE4-4C77-87F7-C259EF8C794B}.Release|x64.ActiveCfg = Release|Any CPU
		{E818F147-BCE4-4C77-87F7-C259EF8C794B}.Release|x64.Build.0 = Release|Any CPU
		{E818F147-BCE4-4C77-87F7-C259EF8C794B}.Release|x86.ActiveCfg = Release|Any CPU
		{E818F147-BCE4-4C77-87F7-C259EF8C794B}.Release|x86.Build.0 = Release|Any CPU
		{861732C1-6B27-40B5-AED4-BF19D4B8D270}.Debug|Any CPU.ActiveCfg = Debug|Any CPU
		{861732C1-6B27-40B5-AED4-BF19D4B8D270}.Debug|Any CPU.Build.0 = Debug|Any CPU
		{861732C1-6B27-40B5-AED4-BF19D4B8D270}.Debug|x64.ActiveCfg = Debug|Any CPU
		{861732C1-6B27-40B5-AED4-BF19D4B8D270}.Debug|x64.Build.0 = Debug|Any CPU
		{861732C1-6B27-40B5-AED4-BF19D4B8D270}.Debug|x86.ActiveCfg = Debug|Any CPU
		{861732C1-6B27-40B5-AED4-BF19D4B8D270}.Debug|x86.Build.0 = Debug|Any CPU
		{861732C1-6B27-40B5-AED4-BF19D4B8D270}.Release|Any CPU.ActiveCfg = Release|Any CPU
		{861732C1-6B27-40B5-AED4-BF19D4B8D270}.Release|Any CPU.Build.0 = Release|Any CPU
		{861732C1-6B27-40B5-AED4-BF19D4B8D270}.Release|x64.ActiveCfg = Release|Any CPU
		{861732C1-6B27-40B5-AED4-BF19D4B8D270}.Release|x64.Build.0 = Release|Any CPU
		{861732C1-6B27-40B5-AED4-BF19D4B8D270}.Release|x86.ActiveCfg = Release|Any CPU
		{861732C1-6B27-40B5-AED4-BF19D4B8D270}.Release|x86.Build.0 = Release|Any CPU
		{483FCC0F-AE36-4BD3-9E98-F9C2A0762689}.Debug|Any CPU.ActiveCfg = Debug|Any CPU
		{483FCC0F-AE36-4BD3-9E98-F9C2A0762689}.Debug|Any CPU.Build.0 = Debug|Any CPU
		{483FCC0F-AE36-4BD3-9E98-F9C2A0762689}.Debug|x64.ActiveCfg = Debug|Any CPU
		{483FCC0F-AE36-4BD3-9E98-F9C2A0762689}.Debug|x64.Build.0 = Debug|Any CPU
		{483FCC0F-AE36-4BD3-9E98-F9C2A0762689}.Debug|x86.ActiveCfg = Debug|Any CPU
		{483FCC0F-AE36-4BD3-9E98-F9C2A0762689}.Debug|x86.Build.0 = Debug|Any CPU
		{483FCC0F-AE36-4BD3-9E98-F9C2A0762689}.Release|Any CPU.ActiveCfg = Release|Any CPU
		{483FCC0F-AE36-4BD3-9E98-F9C2A0762689}.Release|Any CPU.Build.0 = Release|Any CPU
		{483FCC0F-AE36-4BD3-9E98-F9C2A0762689}.Release|x64.ActiveCfg = Release|Any CPU
		{483FCC0F-AE36-4BD3-9E98-F9C2A0762689}.Release|x64.Build.0 = Release|Any CPU
		{483FCC0F-AE36-4BD3-9E98-F9C2A0762689}.Release|x86.ActiveCfg = Release|Any CPU
		{483FCC0F-AE36-4BD3-9E98-F9C2A0762689}.Release|x86.Build.0 = Release|Any CPU
		{EF0C53C5-30B1-44BA-96BF-1A3276EAA312}.Debug|Any CPU.ActiveCfg = Debug|Any CPU
		{EF0C53C5-30B1-44BA-96BF-1A3276EAA312}.Debug|Any CPU.Build.0 = Debug|Any CPU
		{EF0C53C5-30B1-44BA-96BF-1A3276EAA312}.Debug|x64.ActiveCfg = Debug|Any CPU
		{EF0C53C5-30B1-44BA-96BF-1A3276EAA312}.Debug|x64.Build.0 = Debug|Any CPU
		{EF0C53C5-30B1-44BA-96BF-1A3276EAA312}.Debug|x86.ActiveCfg = Debug|Any CPU
		{EF0C53C5-30B1-44BA-96BF-1A3276EAA312}.Debug|x86.Build.0 = Debug|Any CPU
		{EF0C53C5-30B1-44BA-96BF-1A3276EAA312}.Release|Any CPU.ActiveCfg = Release|Any CPU
		{EF0C53C5-30B1-44BA-96BF-1A3276EAA312}.Release|Any CPU.Build.0 = Release|Any CPU
		{EF0C53C5-30B1-44BA-96BF-1A3276EAA312}.Release|x64.ActiveCfg = Release|Any CPU
		{EF0C53C5-30B1-44BA-96BF-1A3276EAA312}.Release|x64.Build.0 = Release|Any CPU
		{EF0C53C5-30B1-44BA-96BF-1A3276EAA312}.Release|x86.ActiveCfg = Release|Any CPU
		{EF0C53C5-30B1-44BA-96BF-1A3276EAA312}.Release|x86.Build.0 = Release|Any CPU
		{89F52FAE-2F4E-4CBE-8568-93F66F76DCA0}.Debug|Any CPU.ActiveCfg = Debug|Any CPU
		{89F52FAE-2F4E-4CBE-8568-93F66F76DCA0}.Debug|Any CPU.Build.0 = Debug|Any CPU
		{89F52FAE-2F4E-4CBE-8568-93F66F76DCA0}.Debug|x64.ActiveCfg = Debug|Any CPU
		{89F52FAE-2F4E-4CBE-8568-93F66F76DCA0}.Debug|x64.Build.0 = Debug|Any CPU
		{89F52FAE-2F4E-4CBE-8568-93F66F76DCA0}.Debug|x86.ActiveCfg = Debug|Any CPU
		{89F52FAE-2F4E-4CBE-8568-93F66F76DCA0}.Debug|x86.Build.0 = Debug|Any CPU
		{89F52FAE-2F4E-4CBE-8568-93F66F76DCA0}.Release|Any CPU.ActiveCfg = Release|Any CPU
		{89F52FAE-2F4E-4CBE-8568-93F66F76DCA0}.Release|Any CPU.Build.0 = Release|Any CPU
		{89F52FAE-2F4E-4CBE-8568-93F66F76DCA0}.Release|x64.ActiveCfg = Release|Any CPU
		{89F52FAE-2F4E-4CBE-8568-93F66F76DCA0}.Release|x64.Build.0 = Release|Any CPU
		{89F52FAE-2F4E-4CBE-8568-93F66F76DCA0}.Release|x86.ActiveCfg = Release|Any CPU
		{89F52FAE-2F4E-4CBE-8568-93F66F76DCA0}.Release|x86.Build.0 = Release|Any CPU
		{B5539668-8DA4-4FF3-B5E9-F26AF9F1276E}.Debug|Any CPU.ActiveCfg = Debug|Any CPU
		{B5539668-8DA4-4FF3-B5E9-F26AF9F1276E}.Debug|Any CPU.Build.0 = Debug|Any CPU
		{B5539668-8DA4-4FF3-B5E9-F26AF9F1276E}.Debug|x64.ActiveCfg = Debug|Any CPU
		{B5539668-8DA4-4FF3-B5E9-F26AF9F1276E}.Debug|x64.Build.0 = Debug|Any CPU
		{B5539668-8DA4-4FF3-B5E9-F26AF9F1276E}.Debug|x86.ActiveCfg = Debug|Any CPU
		{B5539668-8DA4-4FF3-B5E9-F26AF9F1276E}.Debug|x86.Build.0 = Debug|Any CPU
		{B5539668-8DA4-4FF3-B5E9-F26AF9F1276E}.Release|Any CPU.ActiveCfg = Release|Any CPU
		{B5539668-8DA4-4FF3-B5E9-F26AF9F1276E}.Release|Any CPU.Build.0 = Release|Any CPU
		{B5539668-8DA4-4FF3-B5E9-F26AF9F1276E}.Release|x64.ActiveCfg = Release|Any CPU
		{B5539668-8DA4-4FF3-B5E9-F26AF9F1276E}.Release|x64.Build.0 = Release|Any CPU
		{B5539668-8DA4-4FF3-B5E9-F26AF9F1276E}.Release|x86.ActiveCfg = Release|Any CPU
		{B5539668-8DA4-4FF3-B5E9-F26AF9F1276E}.Release|x86.Build.0 = Release|Any CPU
		{340872A9-F6DB-4EA7-9E8A-FBD36B0415B3}.Debug|Any CPU.ActiveCfg = Debug|Any CPU
		{340872A9-F6DB-4EA7-9E8A-FBD36B0415B3}.Debug|Any CPU.Build.0 = Debug|Any CPU
		{340872A9-F6DB-4EA7-9E8A-FBD36B0415B3}.Debug|x64.ActiveCfg = Debug|Any CPU
		{340872A9-F6DB-4EA7-9E8A-FBD36B0415B3}.Debug|x64.Build.0 = Debug|Any CPU
		{340872A9-F6DB-4EA7-9E8A-FBD36B0415B3}.Debug|x86.ActiveCfg = Debug|Any CPU
		{340872A9-F6DB-4EA7-9E8A-FBD36B0415B3}.Debug|x86.Build.0 = Debug|Any CPU
		{340872A9-F6DB-4EA7-9E8A-FBD36B0415B3}.Release|Any CPU.ActiveCfg = Release|Any CPU
		{340872A9-F6DB-4EA7-9E8A-FBD36B0415B3}.Release|Any CPU.Build.0 = Release|Any CPU
		{340872A9-F6DB-4EA7-9E8A-FBD36B0415B3}.Release|x64.ActiveCfg = Release|Any CPU
		{340872A9-F6DB-4EA7-9E8A-FBD36B0415B3}.Release|x64.Build.0 = Release|Any CPU
		{340872A9-F6DB-4EA7-9E8A-FBD36B0415B3}.Release|x86.ActiveCfg = Release|Any CPU
		{340872A9-F6DB-4EA7-9E8A-FBD36B0415B3}.Release|x86.Build.0 = Release|Any CPU
		{A77DEC6A-A9FE-4A1E-84A0-2419835A2516}.Debug|Any CPU.ActiveCfg = Debug|Any CPU
		{A77DEC6A-A9FE-4A1E-84A0-2419835A2516}.Debug|Any CPU.Build.0 = Debug|Any CPU
		{A77DEC6A-A9FE-4A1E-84A0-2419835A2516}.Debug|x64.ActiveCfg = Debug|Any CPU
		{A77DEC6A-A9FE-4A1E-84A0-2419835A2516}.Debug|x64.Build.0 = Debug|Any CPU
		{A77DEC6A-A9FE-4A1E-84A0-2419835A2516}.Debug|x86.ActiveCfg = Debug|Any CPU
		{A77DEC6A-A9FE-4A1E-84A0-2419835A2516}.Debug|x86.Build.0 = Debug|Any CPU
		{A77DEC6A-A9FE-4A1E-84A0-2419835A2516}.Release|Any CPU.ActiveCfg = Release|Any CPU
		{A77DEC6A-A9FE-4A1E-84A0-2419835A2516}.Release|Any CPU.Build.0 = Release|Any CPU
		{A77DEC6A-A9FE-4A1E-84A0-2419835A2516}.Release|x64.ActiveCfg = Release|Any CPU
		{A77DEC6A-A9FE-4A1E-84A0-2419835A2516}.Release|x64.Build.0 = Release|Any CPU
		{A77DEC6A-A9FE-4A1E-84A0-2419835A2516}.Release|x86.ActiveCfg = Release|Any CPU
		{A77DEC6A-A9FE-4A1E-84A0-2419835A2516}.Release|x86.Build.0 = Release|Any CPU
		{416EE9B5-4A2B-4293-80A2-B7EB33025970}.Debug|Any CPU.ActiveCfg = Debug|Any CPU
		{416EE9B5-4A2B-4293-80A2-B7EB33025970}.Debug|Any CPU.Build.0 = Debug|Any CPU
		{416EE9B5-4A2B-4293-80A2-B7EB33025970}.Debug|x64.ActiveCfg = Debug|Any CPU
		{416EE9B5-4A2B-4293-80A2-B7EB33025970}.Debug|x64.Build.0 = Debug|Any CPU
		{416EE9B5-4A2B-4293-80A2-B7EB33025970}.Debug|x86.ActiveCfg = Debug|Any CPU
		{416EE9B5-4A2B-4293-80A2-B7EB33025970}.Debug|x86.Build.0 = Debug|Any CPU
		{416EE9B5-4A2B-4293-80A2-B7EB33025970}.Release|Any CPU.ActiveCfg = Release|Any CPU
		{416EE9B5-4A2B-4293-80A2-B7EB33025970}.Release|Any CPU.Build.0 = Release|Any CPU
		{416EE9B5-4A2B-4293-80A2-B7EB33025970}.Release|x64.ActiveCfg = Release|Any CPU
		{416EE9B5-4A2B-4293-80A2-B7EB33025970}.Release|x64.Build.0 = Release|Any CPU
		{416EE9B5-4A2B-4293-80A2-B7EB33025970}.Release|x86.ActiveCfg = Release|Any CPU
		{416EE9B5-4A2B-4293-80A2-B7EB33025970}.Release|x86.Build.0 = Release|Any CPU
		{BC53E03C-ED8A-4ED9-8FFF-6189D97BD460}.Debug|Any CPU.ActiveCfg = Debug|Any CPU
		{BC53E03C-ED8A-4ED9-8FFF-6189D97BD460}.Debug|Any CPU.Build.0 = Debug|Any CPU
		{BC53E03C-ED8A-4ED9-8FFF-6189D97BD460}.Debug|x64.ActiveCfg = Debug|Any CPU
		{BC53E03C-ED8A-4ED9-8FFF-6189D97BD460}.Debug|x64.Build.0 = Debug|Any CPU
		{BC53E03C-ED8A-4ED9-8FFF-6189D97BD460}.Debug|x86.ActiveCfg = Debug|Any CPU
		{BC53E03C-ED8A-4ED9-8FFF-6189D97BD460}.Debug|x86.Build.0 = Debug|Any CPU
		{BC53E03C-ED8A-4ED9-8FFF-6189D97BD460}.Release|Any CPU.ActiveCfg = Release|Any CPU
		{BC53E03C-ED8A-4ED9-8FFF-6189D97BD460}.Release|Any CPU.Build.0 = Release|Any CPU
		{BC53E03C-ED8A-4ED9-8FFF-6189D97BD460}.Release|x64.ActiveCfg = Release|Any CPU
		{BC53E03C-ED8A-4ED9-8FFF-6189D97BD460}.Release|x64.Build.0 = Release|Any CPU
		{BC53E03C-ED8A-4ED9-8FFF-6189D97BD460}.Release|x86.ActiveCfg = Release|Any CPU
		{BC53E03C-ED8A-4ED9-8FFF-6189D97BD460}.Release|x86.Build.0 = Release|Any CPU
		{D4CF391B-DBE9-4BD2-A5FE-D9986EC478A5}.Debug|Any CPU.ActiveCfg = Debug|Any CPU
		{D4CF391B-DBE9-4BD2-A5FE-D9986EC478A5}.Debug|Any CPU.Build.0 = Debug|Any CPU
		{D4CF391B-DBE9-4BD2-A5FE-D9986EC478A5}.Debug|x64.ActiveCfg = Debug|Any CPU
		{D4CF391B-DBE9-4BD2-A5FE-D9986EC478A5}.Debug|x64.Build.0 = Debug|Any CPU
		{D4CF391B-DBE9-4BD2-A5FE-D9986EC478A5}.Debug|x86.ActiveCfg = Debug|Any CPU
		{D4CF391B-DBE9-4BD2-A5FE-D9986EC478A5}.Debug|x86.Build.0 = Debug|Any CPU
		{D4CF391B-DBE9-4BD2-A5FE-D9986EC478A5}.Release|Any CPU.ActiveCfg = Release|Any CPU
		{D4CF391B-DBE9-4BD2-A5FE-D9986EC478A5}.Release|Any CPU.Build.0 = Release|Any CPU
		{D4CF391B-DBE9-4BD2-A5FE-D9986EC478A5}.Release|x64.ActiveCfg = Release|Any CPU
		{D4CF391B-DBE9-4BD2-A5FE-D9986EC478A5}.Release|x64.Build.0 = Release|Any CPU
		{D4CF391B-DBE9-4BD2-A5FE-D9986EC478A5}.Release|x86.ActiveCfg = Release|Any CPU
		{D4CF391B-DBE9-4BD2-A5FE-D9986EC478A5}.Release|x86.Build.0 = Release|Any CPU
		{CBF20295-FF88-4E3A-9F40-49A892022D28}.Debug|Any CPU.ActiveCfg = Debug|Any CPU
		{CBF20295-FF88-4E3A-9F40-49A892022D28}.Debug|Any CPU.Build.0 = Debug|Any CPU
		{CBF20295-FF88-4E3A-9F40-49A892022D28}.Debug|x64.ActiveCfg = Debug|Any CPU
		{CBF20295-FF88-4E3A-9F40-49A892022D28}.Debug|x64.Build.0 = Debug|Any CPU
		{CBF20295-FF88-4E3A-9F40-49A892022D28}.Debug|x86.ActiveCfg = Debug|Any CPU
		{CBF20295-FF88-4E3A-9F40-49A892022D28}.Debug|x86.Build.0 = Debug|Any CPU
		{CBF20295-FF88-4E3A-9F40-49A892022D28}.Release|Any CPU.ActiveCfg = Release|Any CPU
		{CBF20295-FF88-4E3A-9F40-49A892022D28}.Release|Any CPU.Build.0 = Release|Any CPU
		{CBF20295-FF88-4E3A-9F40-49A892022D28}.Release|x64.ActiveCfg = Release|Any CPU
		{CBF20295-FF88-4E3A-9F40-49A892022D28}.Release|x64.Build.0 = Release|Any CPU
		{CBF20295-FF88-4E3A-9F40-49A892022D28}.Release|x86.ActiveCfg = Release|Any CPU
		{CBF20295-FF88-4E3A-9F40-49A892022D28}.Release|x86.Build.0 = Release|Any CPU
		{6EBA8226-1A57-42E0-A1BB-5DE88C7C92A2}.Debug|Any CPU.ActiveCfg = Debug|Any CPU
		{6EBA8226-1A57-42E0-A1BB-5DE88C7C92A2}.Debug|Any CPU.Build.0 = Debug|Any CPU
		{6EBA8226-1A57-42E0-A1BB-5DE88C7C92A2}.Debug|x64.ActiveCfg = Debug|Any CPU
		{6EBA8226-1A57-42E0-A1BB-5DE88C7C92A2}.Debug|x64.Build.0 = Debug|Any CPU
		{6EBA8226-1A57-42E0-A1BB-5DE88C7C92A2}.Debug|x86.ActiveCfg = Debug|Any CPU
		{6EBA8226-1A57-42E0-A1BB-5DE88C7C92A2}.Debug|x86.Build.0 = Debug|Any CPU
		{6EBA8226-1A57-42E0-A1BB-5DE88C7C92A2}.Release|Any CPU.ActiveCfg = Release|Any CPU
		{6EBA8226-1A57-42E0-A1BB-5DE88C7C92A2}.Release|Any CPU.Build.0 = Release|Any CPU
		{6EBA8226-1A57-42E0-A1BB-5DE88C7C92A2}.Release|x64.ActiveCfg = Release|Any CPU
		{6EBA8226-1A57-42E0-A1BB-5DE88C7C92A2}.Release|x64.Build.0 = Release|Any CPU
		{6EBA8226-1A57-42E0-A1BB-5DE88C7C92A2}.Release|x86.ActiveCfg = Release|Any CPU
		{6EBA8226-1A57-42E0-A1BB-5DE88C7C92A2}.Release|x86.Build.0 = Release|Any CPU
		{4300AF44-2D24-4259-858E-00311513C68F}.Debug|Any CPU.ActiveCfg = Debug|Any CPU
		{4300AF44-2D24-4259-858E-00311513C68F}.Debug|Any CPU.Build.0 = Debug|Any CPU
		{4300AF44-2D24-4259-858E-00311513C68F}.Debug|x64.ActiveCfg = Debug|Any CPU
		{4300AF44-2D24-4259-858E-00311513C68F}.Debug|x64.Build.0 = Debug|Any CPU
		{4300AF44-2D24-4259-858E-00311513C68F}.Debug|x86.ActiveCfg = Debug|Any CPU
		{4300AF44-2D24-4259-858E-00311513C68F}.Debug|x86.Build.0 = Debug|Any CPU
		{4300AF44-2D24-4259-858E-00311513C68F}.Release|Any CPU.ActiveCfg = Release|Any CPU
		{4300AF44-2D24-4259-858E-00311513C68F}.Release|Any CPU.Build.0 = Release|Any CPU
		{4300AF44-2D24-4259-858E-00311513C68F}.Release|x64.ActiveCfg = Release|Any CPU
		{4300AF44-2D24-4259-858E-00311513C68F}.Release|x64.Build.0 = Release|Any CPU
		{4300AF44-2D24-4259-858E-00311513C68F}.Release|x86.ActiveCfg = Release|Any CPU
		{4300AF44-2D24-4259-858E-00311513C68F}.Release|x86.Build.0 = Release|Any CPU
		{54CE66BF-140F-4348-8C18-1F5929D77330}.Debug|Any CPU.ActiveCfg = Debug|Any CPU
		{54CE66BF-140F-4348-8C18-1F5929D77330}.Debug|Any CPU.Build.0 = Debug|Any CPU
		{54CE66BF-140F-4348-8C18-1F5929D77330}.Debug|x64.ActiveCfg = Debug|Any CPU
		{54CE66BF-140F-4348-8C18-1F5929D77330}.Debug|x64.Build.0 = Debug|Any CPU
		{54CE66BF-140F-4348-8C18-1F5929D77330}.Debug|x86.ActiveCfg = Debug|Any CPU
		{54CE66BF-140F-4348-8C18-1F5929D77330}.Debug|x86.Build.0 = Debug|Any CPU
		{54CE66BF-140F-4348-8C18-1F5929D77330}.Release|Any CPU.ActiveCfg = Release|Any CPU
		{54CE66BF-140F-4348-8C18-1F5929D77330}.Release|Any CPU.Build.0 = Release|Any CPU
		{54CE66BF-140F-4348-8C18-1F5929D77330}.Release|x64.ActiveCfg = Release|Any CPU
		{54CE66BF-140F-4348-8C18-1F5929D77330}.Release|x64.Build.0 = Release|Any CPU
		{54CE66BF-140F-4348-8C18-1F5929D77330}.Release|x86.ActiveCfg = Release|Any CPU
		{54CE66BF-140F-4348-8C18-1F5929D77330}.Release|x86.Build.0 = Release|Any CPU
		{C18FCA9C-583D-4325-80C9-E137E655C65A}.Debug|Any CPU.ActiveCfg = Debug|Any CPU
		{C18FCA9C-583D-4325-80C9-E137E655C65A}.Debug|Any CPU.Build.0 = Debug|Any CPU
		{C18FCA9C-583D-4325-80C9-E137E655C65A}.Debug|x64.ActiveCfg = Debug|Any CPU
		{C18FCA9C-583D-4325-80C9-E137E655C65A}.Debug|x64.Build.0 = Debug|Any CPU
		{C18FCA9C-583D-4325-80C9-E137E655C65A}.Debug|x86.ActiveCfg = Debug|Any CPU
		{C18FCA9C-583D-4325-80C9-E137E655C65A}.Debug|x86.Build.0 = Debug|Any CPU
		{C18FCA9C-583D-4325-80C9-E137E655C65A}.Release|Any CPU.ActiveCfg = Release|Any CPU
		{C18FCA9C-583D-4325-80C9-E137E655C65A}.Release|Any CPU.Build.0 = Release|Any CPU
		{C18FCA9C-583D-4325-80C9-E137E655C65A}.Release|x64.ActiveCfg = Release|Any CPU
		{C18FCA9C-583D-4325-80C9-E137E655C65A}.Release|x64.Build.0 = Release|Any CPU
		{C18FCA9C-583D-4325-80C9-E137E655C65A}.Release|x86.ActiveCfg = Release|Any CPU
		{C18FCA9C-583D-4325-80C9-E137E655C65A}.Release|x86.Build.0 = Release|Any CPU
		{B5054402-950B-40D6-BFCD-0F4A3DD232DF}.Debug|Any CPU.ActiveCfg = Debug|Any CPU
		{B5054402-950B-40D6-BFCD-0F4A3DD232DF}.Debug|Any CPU.Build.0 = Debug|Any CPU
		{B5054402-950B-40D6-BFCD-0F4A3DD232DF}.Debug|x64.ActiveCfg = Debug|Any CPU
		{B5054402-950B-40D6-BFCD-0F4A3DD232DF}.Debug|x64.Build.0 = Debug|Any CPU
		{B5054402-950B-40D6-BFCD-0F4A3DD232DF}.Debug|x86.ActiveCfg = Debug|Any CPU
		{B5054402-950B-40D6-BFCD-0F4A3DD232DF}.Debug|x86.Build.0 = Debug|Any CPU
		{B5054402-950B-40D6-BFCD-0F4A3DD232DF}.Release|Any CPU.ActiveCfg = Release|Any CPU
		{B5054402-950B-40D6-BFCD-0F4A3DD232DF}.Release|Any CPU.Build.0 = Release|Any CPU
		{B5054402-950B-40D6-BFCD-0F4A3DD232DF}.Release|x64.ActiveCfg = Release|Any CPU
		{B5054402-950B-40D6-BFCD-0F4A3DD232DF}.Release|x64.Build.0 = Release|Any CPU
		{B5054402-950B-40D6-BFCD-0F4A3DD232DF}.Release|x86.ActiveCfg = Release|Any CPU
		{B5054402-950B-40D6-BFCD-0F4A3DD232DF}.Release|x86.Build.0 = Release|Any CPU
	EndGlobalSection
	GlobalSection(SolutionProperties) = preSolution
		HideSolutionNode = FALSE
	EndGlobalSection
EndGlobal
